// !$*UTF8*$!
{
	archiveVersion = 1;
	classes = {
	};
	objectVersion = 46;
	objects = {

/* Begin PBXBuildFile section */
		B917FC2E1B4030CC0040E97D /* DiskCache.framework in Frameworks */ = {isa = PBXBuildFile; fileRef = B917FC261B40306D0040E97D /* DiskCache.framework */; };
		B917FC3B1B403C720040E97D /* ImageCacheError.swift in Sources */ = {isa = PBXBuildFile; fileRef = B917FC3A1B403C720040E97D /* ImageCacheError.swift */; };
		B9273DE71B3DFE9300E2EB0E /* ImageCache.framework in Frameworks */ = {isa = PBXBuildFile; fileRef = B9273DDC1B3DFE9300E2EB0E /* ImageCache.framework */; };
		B9273DFC1B3DFFB500E2EB0E /* ImageCache.h in Headers */ = {isa = PBXBuildFile; fileRef = B9273DFA1B3DFFB500E2EB0E /* ImageCache.h */; settings = {ATTRIBUTES = (Public, ); }; };
		B9273E041B3DFFBF00E2EB0E /* ImageCacheTests.swift in Sources */ = {isa = PBXBuildFile; fileRef = B9273E021B3DFFBF00E2EB0E /* ImageCacheTests.swift */; };
		B9500CE51B54081200C6F181 /* RemovingImageTests.swift in Sources */ = {isa = PBXBuildFile; fileRef = B9500CE41B54081200C6F181 /* RemovingImageTests.swift */; };
		B9AF1D0F1B4C7845006769F3 /* TestImages in Resources */ = {isa = PBXBuildFile; fileRef = B9AF1D0E1B4C7845006769F3 /* TestImages */; };
		B9AF1D111B4C866B006769F3 /* FileExtension.swift in Sources */ = {isa = PBXBuildFile; fileRef = B9AF1D101B4C866B006769F3 /* FileExtension.swift */; };
		B9C479B11B3F06600005EFCB /* ImageCache.swift in Sources */ = {isa = PBXBuildFile; fileRef = B9C479B01B3F06600005EFCB /* ImageCache.swift */; };
		B9E2FD9C1B4B279100195F71 /* CachingImageTests.swift in Sources */ = {isa = PBXBuildFile; fileRef = B9E2FD9B1B4B279100195F71 /* CachingImageTests.swift */; };
		B9E2FD9F1B4B27E800195F71 /* TestHelpers.swift in Sources */ = {isa = PBXBuildFile; fileRef = B9E2FD9E1B4B27E800195F71 /* TestHelpers.swift */; };
		B9E3FF3C1B51CB6200D6809B /* RetrievingImageTests.swift in Sources */ = {isa = PBXBuildFile; fileRef = B9E3FF3B1B51CB6200D6809B /* RetrievingImageTests.swift */; };
/* End PBXBuildFile section */

/* Begin PBXContainerItemProxy section */
		B917FC251B40306D0040E97D /* PBXContainerItemProxy */ = {
			isa = PBXContainerItemProxy;
			containerPortal = B917FC201B40306D0040E97D /* DiskCache.xcodeproj */;
			proxyType = 2;
			remoteGlobalIDString = B917FBC31B40244E0040E97D;
			remoteInfo = DiskCache;
		};
		B917FC271B40306D0040E97D /* PBXContainerItemProxy */ = {
			isa = PBXContainerItemProxy;
			containerPortal = B917FC201B40306D0040E97D /* DiskCache.xcodeproj */;
			proxyType = 2;
			remoteGlobalIDString = B917FBCD1B40244E0040E97D;
			remoteInfo = DiskCacheTests;
		};
		B917FC2C1B4030960040E97D /* PBXContainerItemProxy */ = {
			isa = PBXContainerItemProxy;
			containerPortal = B917FC201B40306D0040E97D /* DiskCache.xcodeproj */;
			proxyType = 1;
			remoteGlobalIDString = B917FBC21B40244E0040E97D;
			remoteInfo = DiskCache;
		};
		B9273DE81B3DFE9300E2EB0E /* PBXContainerItemProxy */ = {
			isa = PBXContainerItemProxy;
			containerPortal = B9273DD31B3DFE9300E2EB0E /* Project object */;
			proxyType = 1;
			remoteGlobalIDString = B9273DDB1B3DFE9300E2EB0E;
			remoteInfo = ImageCache;
		};
/* End PBXContainerItemProxy section */

/* Begin PBXFileReference section */
		B917FC201B40306D0040E97D /* DiskCache.xcodeproj */ = {isa = PBXFileReference; lastKnownFileType = "wrapper.pb-project"; name = DiskCache.xcodeproj; path = DiskCache/DiskCache.xcodeproj; sourceTree = "<group>"; };
		B917FC3A1B403C720040E97D /* ImageCacheError.swift */ = {isa = PBXFileReference; fileEncoding = 4; lastKnownFileType = sourcecode.swift; path = ImageCacheError.swift; sourceTree = "<group>"; };
		B9273DDC1B3DFE9300E2EB0E /* ImageCache.framework */ = {isa = PBXFileReference; explicitFileType = wrapper.framework; includeInIndex = 0; path = ImageCache.framework; sourceTree = BUILT_PRODUCTS_DIR; };
		B9273DE61B3DFE9300E2EB0E /* ImageCacheTests.xctest */ = {isa = PBXFileReference; explicitFileType = wrapper.cfbundle; includeInIndex = 0; path = ImageCacheTests.xctest; sourceTree = BUILT_PRODUCTS_DIR; };
		B9273DF81B3DFFB500E2EB0E /* Info.plist */ = {isa = PBXFileReference; fileEncoding = 4; lastKnownFileType = text.plist.xml; path = Info.plist; sourceTree = "<group>"; };
		B9273DFA1B3DFFB500E2EB0E /* ImageCache.h */ = {isa = PBXFileReference; fileEncoding = 4; lastKnownFileType = sourcecode.c.h; path = ImageCache.h; sourceTree = "<group>"; };
		B9273DFF1B3DFFBF00E2EB0E /* Info.plist */ = {isa = PBXFileReference; fileEncoding = 4; lastKnownFileType = text.plist.xml; path = Info.plist; sourceTree = "<group>"; };
		B9273E021B3DFFBF00E2EB0E /* ImageCacheTests.swift */ = {isa = PBXFileReference; fileEncoding = 4; lastKnownFileType = sourcecode.swift; path = ImageCacheTests.swift; sourceTree = "<group>"; };
		B9500CE41B54081200C6F181 /* RemovingImageTests.swift */ = {isa = PBXFileReference; fileEncoding = 4; lastKnownFileType = sourcecode.swift; path = RemovingImageTests.swift; sourceTree = "<group>"; };
		B9AF1D0E1B4C7845006769F3 /* TestImages */ = {isa = PBXFileReference; lastKnownFileType = folder; path = TestImages; sourceTree = "<group>"; };
		B9AF1D101B4C866B006769F3 /* FileExtension.swift */ = {isa = PBXFileReference; fileEncoding = 4; lastKnownFileType = sourcecode.swift; name = FileExtension.swift; path = Enumerations/FileExtension.swift; sourceTree = "<group>"; };
		B9C479B01B3F06600005EFCB /* ImageCache.swift */ = {isa = PBXFileReference; fileEncoding = 4; lastKnownFileType = sourcecode.swift; name = ImageCache.swift; path = ImageCache/Sources/Classes/ImageCache.swift; sourceTree = "<group>"; };
		B9E2FD9B1B4B279100195F71 /* CachingImageTests.swift */ = {isa = PBXFileReference; fileEncoding = 4; lastKnownFileType = sourcecode.swift; path = CachingImageTests.swift; sourceTree = "<group>"; };
		B9E2FD9E1B4B27E800195F71 /* TestHelpers.swift */ = {isa = PBXFileReference; fileEncoding = 4; lastKnownFileType = sourcecode.swift; path = TestHelpers.swift; sourceTree = "<group>"; };
		B9E3FF3B1B51CB6200D6809B /* RetrievingImageTests.swift */ = {isa = PBXFileReference; fileEncoding = 4; lastKnownFileType = sourcecode.swift; path = RetrievingImageTests.swift; sourceTree = "<group>"; };
/* End PBXFileReference section */

/* Begin PBXFrameworksBuildPhase section */
		B9273DD81B3DFE9300E2EB0E /* Frameworks */ = {
			isa = PBXFrameworksBuildPhase;
			buildActionMask = 2147483647;
			files = (
				B917FC2E1B4030CC0040E97D /* DiskCache.framework in Frameworks */,
			);
			runOnlyForDeploymentPostprocessing = 0;
		};
		B9273DE31B3DFE9300E2EB0E /* Frameworks */ = {
			isa = PBXFrameworksBuildPhase;
			buildActionMask = 2147483647;
			files = (
				B9273DE71B3DFE9300E2EB0E /* ImageCache.framework in Frameworks */,
			);
			runOnlyForDeploymentPostprocessing = 0;
		};
/* End PBXFrameworksBuildPhase section */

/* Begin PBXGroup section */
		B917FC211B40306D0040E97D /* Products */ = {
			isa = PBXGroup;
			children = (
				B917FC261B40306D0040E97D /* DiskCache.framework */,
				B917FC281B40306D0040E97D /* DiskCacheTests.xctest */,
			);
			name = Products;
			sourceTree = "<group>";
		};
		B917FC391B403C720040E97D /* Enumerations */ = {
			isa = PBXGroup;
			children = (
				B917FC3A1B403C720040E97D /* ImageCacheError.swift */,
			);
			path = Enumerations;
			sourceTree = "<group>";
		};
		B9273DD21B3DFE9300E2EB0E = {
			isa = PBXGroup;
			children = (
				B917FC201B40306D0040E97D /* DiskCache.xcodeproj */,
				B9273DF61B3DFFB500E2EB0E /* ImageCache */,
				B9273DFD1B3DFFBF00E2EB0E /* ImageCacheTests */,
				B9273DDD1B3DFE9300E2EB0E /* Products */,
			);
			sourceTree = "<group>";
		};
		B9273DDD1B3DFE9300E2EB0E /* Products */ = {
			isa = PBXGroup;
			children = (
				B9273DDC1B3DFE9300E2EB0E /* ImageCache.framework */,
				B9273DE61B3DFE9300E2EB0E /* ImageCacheTests.xctest */,
			);
			name = Products;
			sourceTree = "<group>";
		};
		B9273DF61B3DFFB500E2EB0E /* ImageCache */ = {
			isa = PBXGroup;
			children = (
				B9273DF91B3DFFB500E2EB0E /* Sources */,
				B9273DF71B3DFFB500E2EB0E /* Resources */,
			);
			path = ImageCache;
			sourceTree = "<group>";
		};
		B9273DF71B3DFFB500E2EB0E /* Resources */ = {
			isa = PBXGroup;
			children = (
				B9273DF81B3DFFB500E2EB0E /* Info.plist */,
			);
			path = Resources;
			sourceTree = "<group>";
		};
		B9273DF91B3DFFB500E2EB0E /* Sources */ = {
			isa = PBXGroup;
			children = (
				B9C479B41B3F07AC0005EFCB /* Classes */,
				B917FC391B403C720040E97D /* Enumerations */,
				B9273DFA1B3DFFB500E2EB0E /* ImageCache.h */,
			);
			path = Sources;
			sourceTree = "<group>";
		};
		B9273DFD1B3DFFBF00E2EB0E /* ImageCacheTests */ = {
			isa = PBXGroup;
			children = (
				B9273E001B3DFFBF00E2EB0E /* Source */,
				B9273DFE1B3DFFBF00E2EB0E /* Resources */,
			);
			path = ImageCacheTests;
			sourceTree = "<group>";
		};
		B9273DFE1B3DFFBF00E2EB0E /* Resources */ = {
			isa = PBXGroup;
			children = (
				B9273DFF1B3DFFBF00E2EB0E /* Info.plist */,
				B9AF1D0E1B4C7845006769F3 /* TestImages */,
			);
			path = Resources;
			sourceTree = "<group>";
		};
		B9273E001B3DFFBF00E2EB0E /* Source */ = {
			isa = PBXGroup;
			children = (
				B9273E011B3DFFBF00E2EB0E /* Classes */,
				B9AF1D121B4C86AD006769F3 /* Enumerations */,
			);
			path = Source;
			sourceTree = "<group>";
		};
		B9273E011B3DFFBF00E2EB0E /* Classes */ = {
			isa = PBXGroup;
			children = (
				B9273E021B3DFFBF00E2EB0E /* ImageCacheTests.swift */,
				B9E2FD9E1B4B27E800195F71 /* TestHelpers.swift */,
				B9E2FD9B1B4B279100195F71 /* CachingImageTests.swift */,
				B9E3FF3B1B51CB6200D6809B /* RetrievingImageTests.swift */,
				B9500CE41B54081200C6F181 /* RemovingImageTests.swift */,
			);
			path = Classes;
			sourceTree = "<group>";
		};
		B9AF1D121B4C86AD006769F3 /* Enumerations */ = {
			isa = PBXGroup;
			children = (
				B9AF1D101B4C866B006769F3 /* FileExtension.swift */,
			);
			name = Enumerations;
			sourceTree = "<group>";
		};
		B9C479B41B3F07AC0005EFCB /* Classes */ = {
			isa = PBXGroup;
			children = (
				B9C479B01B3F06600005EFCB /* ImageCache.swift */,
			);
			name = Classes;
			path = ../..;
			sourceTree = "<group>";
		};
/* End PBXGroup section */

/* Begin PBXHeadersBuildPhase section */
		B9273DD91B3DFE9300E2EB0E /* Headers */ = {
			isa = PBXHeadersBuildPhase;
			buildActionMask = 2147483647;
			files = (
				B9273DFC1B3DFFB500E2EB0E /* ImageCache.h in Headers */,
			);
			runOnlyForDeploymentPostprocessing = 0;
		};
/* End PBXHeadersBuildPhase section */

/* Begin PBXNativeTarget section */
		B9273DDB1B3DFE9300E2EB0E /* ImageCache */ = {
			isa = PBXNativeTarget;
			buildConfigurationList = B9273DF01B3DFE9300E2EB0E /* Build configuration list for PBXNativeTarget "ImageCache" */;
			buildPhases = (
				B9273DD71B3DFE9300E2EB0E /* Sources */,
				B9273DD81B3DFE9300E2EB0E /* Frameworks */,
				B9273DD91B3DFE9300E2EB0E /* Headers */,
				B9273DDA1B3DFE9300E2EB0E /* Resources */,
			);
			buildRules = (
			);
			dependencies = (
				B917FC2D1B4030960040E97D /* PBXTargetDependency */,
			);
			name = ImageCache;
			productName = ImageCache;
			productReference = B9273DDC1B3DFE9300E2EB0E /* ImageCache.framework */;
			productType = "com.apple.product-type.framework";
		};
		B9273DE51B3DFE9300E2EB0E /* ImageCacheTests */ = {
			isa = PBXNativeTarget;
			buildConfigurationList = B9273DF31B3DFE9300E2EB0E /* Build configuration list for PBXNativeTarget "ImageCacheTests" */;
			buildPhases = (
				B9273DE21B3DFE9300E2EB0E /* Sources */,
				B9273DE31B3DFE9300E2EB0E /* Frameworks */,
				B9273DE41B3DFE9300E2EB0E /* Resources */,
			);
			buildRules = (
			);
			dependencies = (
				B9273DE91B3DFE9300E2EB0E /* PBXTargetDependency */,
			);
			name = ImageCacheTests;
			productName = ImageCacheTests;
			productReference = B9273DE61B3DFE9300E2EB0E /* ImageCacheTests.xctest */;
			productType = "com.apple.product-type.bundle.unit-test";
		};
/* End PBXNativeTarget section */

/* Begin PBXProject section */
		B9273DD31B3DFE9300E2EB0E /* Project object */ = {
			isa = PBXProject;
			attributes = {
				LastUpgradeCheck = 0700;
				ORGANIZATIONNAME = "Julian Grosshauser";
				TargetAttributes = {
					B9273DDB1B3DFE9300E2EB0E = {
						CreatedOnToolsVersion = 7.0;
					};
					B9273DE51B3DFE9300E2EB0E = {
						CreatedOnToolsVersion = 7.0;
					};
				};
			};
			buildConfigurationList = B9273DD61B3DFE9300E2EB0E /* Build configuration list for PBXProject "ImageCache" */;
			compatibilityVersion = "Xcode 3.2";
			developmentRegion = English;
			hasScannedForEncodings = 0;
			knownRegions = (
				en,
			);
			mainGroup = B9273DD21B3DFE9300E2EB0E;
			productRefGroup = B9273DDD1B3DFE9300E2EB0E /* Products */;
			projectDirPath = "";
			projectReferences = (
				{
					ProductGroup = B917FC211B40306D0040E97D /* Products */;
					ProjectRef = B917FC201B40306D0040E97D /* DiskCache.xcodeproj */;
				},
			);
			projectRoot = "";
			targets = (
				B9273DDB1B3DFE9300E2EB0E /* ImageCache */,
				B9273DE51B3DFE9300E2EB0E /* ImageCacheTests */,
			);
		};
/* End PBXProject section */

/* Begin PBXReferenceProxy section */
		B917FC261B40306D0040E97D /* DiskCache.framework */ = {
			isa = PBXReferenceProxy;
			fileType = wrapper.framework;
			path = DiskCache.framework;
			remoteRef = B917FC251B40306D0040E97D /* PBXContainerItemProxy */;
			sourceTree = BUILT_PRODUCTS_DIR;
		};
		B917FC281B40306D0040E97D /* DiskCacheTests.xctest */ = {
			isa = PBXReferenceProxy;
			fileType = wrapper.cfbundle;
			path = DiskCacheTests.xctest;
			remoteRef = B917FC271B40306D0040E97D /* PBXContainerItemProxy */;
			sourceTree = BUILT_PRODUCTS_DIR;
		};
/* End PBXReferenceProxy section */

/* Begin PBXResourcesBuildPhase section */
		B9273DDA1B3DFE9300E2EB0E /* Resources */ = {
			isa = PBXResourcesBuildPhase;
			buildActionMask = 2147483647;
			files = (
			);
			runOnlyForDeploymentPostprocessing = 0;
		};
		B9273DE41B3DFE9300E2EB0E /* Resources */ = {
			isa = PBXResourcesBuildPhase;
			buildActionMask = 2147483647;
			files = (
				B9AF1D0F1B4C7845006769F3 /* TestImages in Resources */,
			);
			runOnlyForDeploymentPostprocessing = 0;
		};
/* End PBXResourcesBuildPhase section */

/* Begin PBXSourcesBuildPhase section */
		B9273DD71B3DFE9300E2EB0E /* Sources */ = {
			isa = PBXSourcesBuildPhase;
			buildActionMask = 2147483647;
			files = (
				B9C479B11B3F06600005EFCB /* ImageCache.swift in Sources */,
				B917FC3B1B403C720040E97D /* ImageCacheError.swift in Sources */,
			);
			runOnlyForDeploymentPostprocessing = 0;
		};
		B9273DE21B3DFE9300E2EB0E /* Sources */ = {
			isa = PBXSourcesBuildPhase;
			buildActionMask = 2147483647;
			files = (
				B9500CE51B54081200C6F181 /* RemovingImageTests.swift in Sources */,
				B9273E041B3DFFBF00E2EB0E /* ImageCacheTests.swift in Sources */,
				B9E2FD9C1B4B279100195F71 /* CachingImageTests.swift in Sources */,
				B9E2FD9F1B4B27E800195F71 /* TestHelpers.swift in Sources */,
				B9E3FF3C1B51CB6200D6809B /* RetrievingImageTests.swift in Sources */,
				B9AF1D111B4C866B006769F3 /* FileExtension.swift in Sources */,
			);
			runOnlyForDeploymentPostprocessing = 0;
		};
/* End PBXSourcesBuildPhase section */

/* Begin PBXTargetDependency section */
		B917FC2D1B4030960040E97D /* PBXTargetDependency */ = {
			isa = PBXTargetDependency;
			name = DiskCache;
			targetProxy = B917FC2C1B4030960040E97D /* PBXContainerItemProxy */;
		};
		B9273DE91B3DFE9300E2EB0E /* PBXTargetDependency */ = {
			isa = PBXTargetDependency;
			target = B9273DDB1B3DFE9300E2EB0E /* ImageCache */;
			targetProxy = B9273DE81B3DFE9300E2EB0E /* PBXContainerItemProxy */;
		};
/* End PBXTargetDependency section */

/* Begin XCBuildConfiguration section */
		B9273DEE1B3DFE9300E2EB0E /* Debug */ = {
			isa = XCBuildConfiguration;
			buildSettings = {
				ALWAYS_SEARCH_USER_PATHS = NO;
				CLANG_CXX_LANGUAGE_STANDARD = "gnu++0x";
				CLANG_CXX_LIBRARY = "libc++";
				CLANG_ENABLE_MODULES = YES;
				CLANG_ENABLE_OBJC_ARC = YES;
				CLANG_WARN_BOOL_CONVERSION = YES;
				CLANG_WARN_CONSTANT_CONVERSION = YES;
				CLANG_WARN_DIRECT_OBJC_ISA_USAGE = YES_ERROR;
				CLANG_WARN_EMPTY_BODY = YES;
				CLANG_WARN_ENUM_CONVERSION = YES;
				CLANG_WARN_INT_CONVERSION = YES;
				CLANG_WARN_OBJC_ROOT_CLASS = YES_ERROR;
				CLANG_WARN_UNREACHABLE_CODE = YES;
				CLANG_WARN__DUPLICATE_METHOD_MATCH = YES;
				"CODE_SIGN_IDENTITY[sdk=iphoneos*]" = "iPhone Developer";
				COPY_PHASE_STRIP = NO;
				CURRENT_PROJECT_VERSION = 1;
				DEBUG_INFORMATION_FORMAT = dwarf;
				ENABLE_STRICT_OBJC_MSGSEND = YES;
				ENABLE_TESTABILITY = YES;
				GCC_C_LANGUAGE_STANDARD = gnu99;
				GCC_DYNAMIC_NO_PIC = NO;
				GCC_NO_COMMON_BLOCKS = YES;
				GCC_OPTIMIZATION_LEVEL = 0;
				GCC_PREPROCESSOR_DEFINITIONS = (
					"DEBUG=1",
					"$(inherited)",
				);
				GCC_WARN_64_TO_32_BIT_CONVERSION = YES;
				GCC_WARN_ABOUT_RETURN_TYPE = YES_ERROR;
				GCC_WARN_UNDECLARED_SELECTOR = YES;
				GCC_WARN_UNINITIALIZED_AUTOS = YES_AGGRESSIVE;
				GCC_WARN_UNUSED_FUNCTION = YES;
				GCC_WARN_UNUSED_VARIABLE = YES;
				IPHONEOS_DEPLOYMENT_TARGET = 9.0;
				MTL_ENABLE_DEBUG_INFO = YES;
				ONLY_ACTIVE_ARCH = YES;
				SDKROOT = iphoneos;
				SWIFT_OPTIMIZATION_LEVEL = "-Onone";
				TARGETED_DEVICE_FAMILY = "1,2";
				VERSIONING_SYSTEM = "apple-generic";
				VERSION_INFO_PREFIX = "";
			};
			name = Debug;
		};
		B9273DEF1B3DFE9300E2EB0E /* Release */ = {
			isa = XCBuildConfiguration;
			buildSettings = {
				ALWAYS_SEARCH_USER_PATHS = NO;
				CLANG_CXX_LANGUAGE_STANDARD = "gnu++0x";
				CLANG_CXX_LIBRARY = "libc++";
				CLANG_ENABLE_MODULES = YES;
				CLANG_ENABLE_OBJC_ARC = YES;
				CLANG_WARN_BOOL_CONVERSION = YES;
				CLANG_WARN_CONSTANT_CONVERSION = YES;
				CLANG_WARN_DIRECT_OBJC_ISA_USAGE = YES_ERROR;
				CLANG_WARN_EMPTY_BODY = YES;
				CLANG_WARN_ENUM_CONVERSION = YES;
				CLANG_WARN_INT_CONVERSION = YES;
				CLANG_WARN_OBJC_ROOT_CLASS = YES_ERROR;
				CLANG_WARN_UNREACHABLE_CODE = YES;
				CLANG_WARN__DUPLICATE_METHOD_MATCH = YES;
				"CODE_SIGN_IDENTITY[sdk=iphoneos*]" = "iPhone Developer";
				COPY_PHASE_STRIP = NO;
				CURRENT_PROJECT_VERSION = 1;
				DEBUG_INFORMATION_FORMAT = "dwarf-with-dsym";
				ENABLE_NS_ASSERTIONS = NO;
				ENABLE_STRICT_OBJC_MSGSEND = YES;
				GCC_C_LANGUAGE_STANDARD = gnu99;
				GCC_NO_COMMON_BLOCKS = YES;
				GCC_WARN_64_TO_32_BIT_CONVERSION = YES;
				GCC_WARN_ABOUT_RETURN_TYPE = YES_ERROR;
				GCC_WARN_UNDECLARED_SELECTOR = YES;
				GCC_WARN_UNINITIALIZED_AUTOS = YES_AGGRESSIVE;
				GCC_WARN_UNUSED_FUNCTION = YES;
				GCC_WARN_UNUSED_VARIABLE = YES;
				IPHONEOS_DEPLOYMENT_TARGET = 9.0;
				MTL_ENABLE_DEBUG_INFO = NO;
				SDKROOT = iphoneos;
				TARGETED_DEVICE_FAMILY = "1,2";
				VALIDATE_PRODUCT = YES;
				VERSIONING_SYSTEM = "apple-generic";
				VERSION_INFO_PREFIX = "";
			};
			name = Release;
		};
		B9273DF11B3DFE9300E2EB0E /* Debug */ = {
			isa = XCBuildConfiguration;
			buildSettings = {
				DEFINES_MODULE = YES;
				DYLIB_COMPATIBILITY_VERSION = 1;
				DYLIB_CURRENT_VERSION = 1;
				DYLIB_INSTALL_NAME_BASE = "@rpath";
				INFOPLIST_FILE = "$(PRODUCT_NAME)/Resources/Info.plist";
				INSTALL_PATH = "$(LOCAL_LIBRARY_DIR)/Frameworks";
				LD_RUNPATH_SEARCH_PATHS = "$(inherited) @executable_path/Frameworks @loader_path/Frameworks";
				PRODUCT_BUNDLE_IDENTIFIER = com.juliangrosshauser.ImageCache;
				PRODUCT_NAME = "$(TARGET_NAME)";
				SKIP_INSTALL = YES;
			};
			name = Debug;
		};
		B9273DF21B3DFE9300E2EB0E /* Release */ = {
			isa = XCBuildConfiguration;
			buildSettings = {
				DEFINES_MODULE = YES;
				DYLIB_COMPATIBILITY_VERSION = 1;
				DYLIB_CURRENT_VERSION = 1;
				DYLIB_INSTALL_NAME_BASE = "@rpath";
				INFOPLIST_FILE = "$(PRODUCT_NAME)/Resources/Info.plist";
				INSTALL_PATH = "$(LOCAL_LIBRARY_DIR)/Frameworks";
				LD_RUNPATH_SEARCH_PATHS = "$(inherited) @executable_path/Frameworks @loader_path/Frameworks";
				PRODUCT_BUNDLE_IDENTIFIER = com.juliangrosshauser.ImageCache;
				PRODUCT_NAME = "$(TARGET_NAME)";
				SKIP_INSTALL = YES;
			};
			name = Release;
		};
		B9273DF41B3DFE9300E2EB0E /* Debug */ = {
			isa = XCBuildConfiguration;
			buildSettings = {
				INFOPLIST_FILE = "$(PRODUCT_NAME)/Resources/Info.plist";
				LD_RUNPATH_SEARCH_PATHS = "$(inherited) @executable_path/Frameworks @loader_path/Frameworks";
				PRODUCT_BUNDLE_IDENTIFIER = com.juliangrosshauser.ImageCacheTests;
				PRODUCT_NAME = "$(TARGET_NAME)";
			};
			name = Debug;
		};
		B9273DF51B3DFE9300E2EB0E /* Release */ = {
			isa = XCBuildConfiguration;
			buildSettings = {
				INFOPLIST_FILE = "$(PRODUCT_NAME)/Resources/Info.plist";
				LD_RUNPATH_SEARCH_PATHS = "$(inherited) @executable_path/Frameworks @loader_path/Frameworks";
				PRODUCT_BUNDLE_IDENTIFIER = com.juliangrosshauser.ImageCacheTests;
				PRODUCT_NAME = "$(TARGET_NAME)";
			};
			name = Release;
		};
/* End XCBuildConfiguration section */

/* Begin XCConfigurationList section */
		B9273DD61B3DFE9300E2EB0E /* Build configuration list for PBXProject "ImageCache" */ = {
			isa = XCConfigurationList;
			buildConfigurations = (
				B9273DEE1B3DFE9300E2EB0E /* Debug */,
				B9273DEF1B3DFE9300E2EB0E /* Release */,
			);
			defaultConfigurationIsVisible = 0;
			defaultConfigurationName = Release;
		};
		B9273DF01B3DFE9300E2EB0E /* Build configuration list for PBXNativeTarget "ImageCache" */ = {
			isa = XCConfigurationList;
			buildConfigurations = (
				B9273DF11B3DFE9300E2EB0E /* Debug */,
				B9273DF21B3DFE9300E2EB0E /* Release */,
			);
			defaultConfigurationIsVisible = 0;
			defaultConfigurationName = Release;
		};
		B9273DF31B3DFE9300E2EB0E /* Build configuration list for PBXNativeTarget "ImageCacheTests" */ = {
			isa = XCConfigurationList;
			buildConfigurations = (
				B9273DF41B3DFE9300E2EB0E /* Debug */,
				B9273DF51B3DFE9300E2EB0E /* Release */,
			);
			defaultConfigurationIsVisible = 0;
			defaultConfigurationName = Release;
		};
/* End XCConfigurationList section */
	};
	rootObject = B9273DD31B3DFE9300E2EB0E /* Project object */;
}
